
Microsoft Visual Studio Solution File, Format Version 12.00
# Visual Studio 2012
Project("{FAE04EC0-301F-11D3-BF4B-00C04F79EFBC}") = "ScrollApp", "ScrollApp\ScrollApp.csproj", "{9364113C-0A43-468B-97F1-47F842B98E8B}"
EndProject
Global
	GlobalSection(SolutionConfigurationPlatforms) = preSolution
		Debug|iPhoneSimulator = Debug|iPhoneSimulator
		Release|iPhoneSimulator = Release|iPhoneSimulator
		Debug|iPhone = Debug|iPhone
		Release|iPhone = Release|iPhone
		Ad-Hoc|iPhone = Ad-Hoc|iPhone
		AppStore|iPhone = AppStore|iPhone
	EndGlobalSection
	GlobalSection(ProjectConfigurationPlatforms) = postSolution
		{9364113C-0A43-468B-97F1-47F842B98E8B}.Ad-Hoc|iPhone.ActiveCfg = Ad-Hoc|iPhone
		{9364113C-0A43-468B-97F1-47F842B98E8B}.Ad-Hoc|iPhone.Build.0 = Ad-Hoc|iPhone
		{9364113C-0A43-468B-97F1-47F842B98E8B}.AppStore|iPhone.ActiveCfg = AppStore|iPhone
		{9364113C-0A43-468B-97F1-47F842B98E8B}.AppStore|iPhone.Build.0 = AppStore|iPhone
		{9364113C-0A43-468B-97F1-47F842B98E8B}.Debug|iPhone.ActiveCfg = Debug|iPhone
		{9364113C-0A43-468B-97F1-47F842B98E8B}.Debug|iPhone.Build.0 = Debug|iPhone
		{9364113C-0A43-468B-97F1-47F842B98E8B}.Debug|iPhoneSimulator.ActiveCfg = Debug|iPhoneSimulator
		{9364113C-0A43-468B-97F1-47F842B98E8B}.Debug|iPhoneSimulator.Build.0 = Debug|iPhoneSimulator
		{9364113C-0A43-468B-97F1-47F842B98E8B}.Release|iPhone.ActiveCfg = Release|iPhone
		{9364113C-0A43-468B-97F1-47F842B98E8B}.Release|iPhone.Build.0 = Release|iPhone
		{9364113C-0A43-468B-97F1-47F842B98E8B}.Release|iPhoneSimulator.ActiveCfg = Release|iPhoneSimulator
		{9364113C-0A43-468B-97F1-47F842B98E8B}.Release|iPhoneSimulator.Build.0 = Release|iPhoneSimulator
	EndGlobalSection
	GlobalSection(MonoDevelopProperties) = preSolution
		StartupItem = ScrollApp\ScrollApp.csproj
	EndGlobalSection
EndGlobal
