
Microsoft Visual Studio Solution File, Format Version 12.00
# Visual Studio 2012
Project("{FAE04EC0-301F-11D3-BF4B-00C04F79EFBC}") = "PageNavApp", "PageNavApp\PageNavApp.csproj", "{EA88B0DD-1757-4C49-8F43-57FE86718932}"
EndProject
Global
	GlobalSection(SolutionConfigurationPlatforms) = preSolution
		Debug|iPhoneSimulator = Debug|iPhoneSimulator
		Release|iPhoneSimulator = Release|iPhoneSimulator
		Debug|iPhone = Debug|iPhone
		Release|iPhone = Release|iPhone
		Ad-Hoc|iPhone = Ad-Hoc|iPhone
		AppStore|iPhone = AppStore|iPhone
	EndGlobalSection
	GlobalSection(ProjectConfigurationPlatforms) = postSolution
		{EA88B0DD-1757-4C49-8F43-57FE86718932}.Ad-Hoc|iPhone.ActiveCfg = Ad-Hoc|iPhone
		{EA88B0DD-1757-4C49-8F43-57FE86718932}.Ad-Hoc|iPhone.Build.0 = Ad-Hoc|iPhone
		{EA88B0DD-1757-4C49-8F43-57FE86718932}.AppStore|iPhone.ActiveCfg = AppStore|iPhone
		{EA88B0DD-1757-4C49-8F43-57FE86718932}.AppStore|iPhone.Build.0 = AppStore|iPhone
		{EA88B0DD-1757-4C49-8F43-57FE86718932}.Debug|iPhone.ActiveCfg = Debug|iPhone
		{EA88B0DD-1757-4C49-8F43-57FE86718932}.Debug|iPhone.Build.0 = Debug|iPhone
		{EA88B0DD-1757-4C49-8F43-57FE86718932}.Debug|iPhoneSimulator.ActiveCfg = Debug|iPhoneSimulator
		{EA88B0DD-1757-4C49-8F43-57FE86718932}.Debug|iPhoneSimulator.Build.0 = Debug|iPhoneSimulator
		{EA88B0DD-1757-4C49-8F43-57FE86718932}.Release|iPhone.ActiveCfg = Release|iPhone
		{EA88B0DD-1757-4C49-8F43-57FE86718932}.Release|iPhone.Build.0 = Release|iPhone
		{EA88B0DD-1757-4C49-8F43-57FE86718932}.Release|iPhoneSimulator.ActiveCfg = Release|iPhoneSimulator
		{EA88B0DD-1757-4C49-8F43-57FE86718932}.Release|iPhoneSimulator.Build.0 = Release|iPhoneSimulator
	EndGlobalSection
	GlobalSection(MonoDevelopProperties) = preSolution
		StartupItem = PageNavApp\PageNavApp.csproj
	EndGlobalSection
EndGlobal
