
Microsoft Visual Studio Solution File, Format Version 12.00
# Visual Studio 2012
Project("{FAE04EC0-301F-11D3-BF4B-00C04F79EFBC}") = "Displaying_Editing_Text", "Displaying_Editing_Text\Displaying_Editing_Text.csproj", "{3CA5C08A-AFEE-4640-A122-730F8663BBAF}"
EndProject
Global
	GlobalSection(SolutionConfigurationPlatforms) = preSolution
		Debug|iPhoneSimulator = Debug|iPhoneSimulator
		Release|iPhoneSimulator = Release|iPhoneSimulator
		Debug|iPhone = Debug|iPhone
		Release|iPhone = Release|iPhone
		Ad-Hoc|iPhone = Ad-Hoc|iPhone
		AppStore|iPhone = AppStore|iPhone
	EndGlobalSection
	GlobalSection(ProjectConfigurationPlatforms) = postSolution
		{3CA5C08A-AFEE-4640-A122-730F8663BBAF}.Ad-Hoc|iPhone.ActiveCfg = Ad-Hoc|iPhone
		{3CA5C08A-AFEE-4640-A122-730F8663BBAF}.Ad-Hoc|iPhone.Build.0 = Ad-Hoc|iPhone
		{3CA5C08A-AFEE-4640-A122-730F8663BBAF}.AppStore|iPhone.ActiveCfg = AppStore|iPhone
		{3CA5C08A-AFEE-4640-A122-730F8663BBAF}.AppStore|iPhone.Build.0 = AppStore|iPhone
		{3CA5C08A-AFEE-4640-A122-730F8663BBAF}.Debug|iPhone.ActiveCfg = Debug|iPhone
		{3CA5C08A-AFEE-4640-A122-730F8663BBAF}.Debug|iPhone.Build.0 = Debug|iPhone
		{3CA5C08A-AFEE-4640-A122-730F8663BBAF}.Debug|iPhoneSimulator.ActiveCfg = Debug|iPhoneSimulator
		{3CA5C08A-AFEE-4640-A122-730F8663BBAF}.Debug|iPhoneSimulator.Build.0 = Debug|iPhoneSimulator
		{3CA5C08A-AFEE-4640-A122-730F8663BBAF}.Release|iPhone.ActiveCfg = Release|iPhone
		{3CA5C08A-AFEE-4640-A122-730F8663BBAF}.Release|iPhone.Build.0 = Release|iPhone
		{3CA5C08A-AFEE-4640-A122-730F8663BBAF}.Release|iPhoneSimulator.ActiveCfg = Release|iPhoneSimulator
		{3CA5C08A-AFEE-4640-A122-730F8663BBAF}.Release|iPhoneSimulator.Build.0 = Release|iPhoneSimulator
	EndGlobalSection
	GlobalSection(MonoDevelopProperties) = preSolution
		StartupItem = Displaying_Editing_Text\Displaying_Editing_Text.csproj
	EndGlobalSection
EndGlobal
