
Microsoft Visual Studio Solution File, Format Version 12.00
# Visual Studio 2012
Project("{FAE04EC0-301F-11D3-BF4B-00C04F79EFBC}") = "CustomViewApp", "CustomViewApp\CustomViewApp.csproj", "{64424F34-1228-4350-9D6F-44CFA87C0A1E}"
EndProject
Global
	GlobalSection(SolutionConfigurationPlatforms) = preSolution
		Debug|iPhoneSimulator = Debug|iPhoneSimulator
		Release|iPhoneSimulator = Release|iPhoneSimulator
		Debug|iPhone = Debug|iPhone
		Release|iPhone = Release|iPhone
		Ad-Hoc|iPhone = Ad-Hoc|iPhone
		AppStore|iPhone = AppStore|iPhone
	EndGlobalSection
	GlobalSection(ProjectConfigurationPlatforms) = postSolution
		{64424F34-1228-4350-9D6F-44CFA87C0A1E}.Ad-Hoc|iPhone.ActiveCfg = Ad-Hoc|iPhone
		{64424F34-1228-4350-9D6F-44CFA87C0A1E}.Ad-Hoc|iPhone.Build.0 = Ad-Hoc|iPhone
		{64424F34-1228-4350-9D6F-44CFA87C0A1E}.AppStore|iPhone.ActiveCfg = AppStore|iPhone
		{64424F34-1228-4350-9D6F-44CFA87C0A1E}.AppStore|iPhone.Build.0 = AppStore|iPhone
		{64424F34-1228-4350-9D6F-44CFA87C0A1E}.Debug|iPhone.ActiveCfg = Debug|iPhone
		{64424F34-1228-4350-9D6F-44CFA87C0A1E}.Debug|iPhone.Build.0 = Debug|iPhone
		{64424F34-1228-4350-9D6F-44CFA87C0A1E}.Debug|iPhoneSimulator.ActiveCfg = Debug|iPhoneSimulator
		{64424F34-1228-4350-9D6F-44CFA87C0A1E}.Debug|iPhoneSimulator.Build.0 = Debug|iPhoneSimulator
		{64424F34-1228-4350-9D6F-44CFA87C0A1E}.Release|iPhone.ActiveCfg = Release|iPhone
		{64424F34-1228-4350-9D6F-44CFA87C0A1E}.Release|iPhone.Build.0 = Release|iPhone
		{64424F34-1228-4350-9D6F-44CFA87C0A1E}.Release|iPhoneSimulator.ActiveCfg = Release|iPhoneSimulator
		{64424F34-1228-4350-9D6F-44CFA87C0A1E}.Release|iPhoneSimulator.Build.0 = Release|iPhoneSimulator
	EndGlobalSection
	GlobalSection(MonoDevelopProperties) = preSolution
		StartupItem = CustomViewApp\CustomViewApp.csproj
	EndGlobalSection
EndGlobal
